schema: '2.0'
stages:
  load_data:
    cmd: python src/load_data.py --config=params.yaml
    deps:
    - path: data_given/winequality.csv
      hash: md5
      md5: ccc8d3507eb151f53f760d36abdef888
      size: 91998
    - path: src/get_data.py
      hash: md5
      md5: 2aad1e25f13a44c6d7a8178b5105afdd
      size: 685
    - path: src/load_data.py
      hash: md5
      md5: f5a102d888f101df9e9eb5252c0ea3bc
      size: 644
    outs:
    - path: data/raw/winequality.csv
      hash: md5
      md5: d98e8f2eca228c11c4de1cc96866a54d
      size: 91998
